
Microsoft Visual Studio Solution File, Format Version 12.00
# Visual Studio Version 17
VisualStudioVersion = 17.3.32825.248
MinimumVisualStudioVersion = 10.0.40219.1
Project("{F184B08F-C81C-45F6-A57F-5ABD9991F28F}") = "Bab4C1", "Bab4C1\Bab4C1.vbproj", "{EC968E41-33EF-493C-B631-125AE8603F5E}"
EndProject
Global
	GlobalSection(SolutionConfigurationPlatforms) = preSolution
		Debug|Any CPU = Debug|Any CPU
		Release|Any CPU = Release|Any CPU
	EndGlobalSection
	GlobalSection(ProjectConfigurationPlatforms) = postSolution
		{EC968E41-33EF-493C-B631-125AE8603F5E}.Debug|Any CPU.ActiveCfg = Debug|Any CPU
		{EC968E41-33EF-493C-B631-125AE8603F5E}.Debug|Any CPU.Build.0 = Debug|Any CPU
		{EC968E41-33EF-493C-B631-125AE8603F5E}.Release|Any CPU.ActiveCfg = Release|Any CPU
		{EC968E41-33EF-493C-B631-125AE8603F5E}.Release|Any CPU.Build.0 = Release|Any CPU
	EndGlobalSection
	GlobalSection(SolutionProperties) = preSolution
		HideSolutionNode = FALSE
	EndGlobalSection
	GlobalSection(ExtensibilityGlobals) = postSolution
		SolutionGuid = {A5E70ADF-84BF-4D35-9C42-47C64542931D}
	EndGlobalSection
EndGlobal
