
Microsoft Visual Studio Solution File, Format Version 12.00
# Visual Studio Version 17
VisualStudioVersion = 17.3.32825.248
MinimumVisualStudioVersion = 10.0.40219.1
Project("{F184B08F-C81C-45F6-A57F-5ABD9991F28F}") = "Concatenation", "Concatenation\Concatenation.vbproj", "{6C931C3E-B19D-4D5B-AA75-7922D3D00E6B}"
EndProject
Global
	GlobalSection(SolutionConfigurationPlatforms) = preSolution
		Debug|Any CPU = Debug|Any CPU
		Release|Any CPU = Release|Any CPU
	EndGlobalSection
	GlobalSection(ProjectConfigurationPlatforms) = postSolution
		{6C931C3E-B19D-4D5B-AA75-7922D3D00E6B}.Debug|Any CPU.ActiveCfg = Debug|Any CPU
		{6C931C3E-B19D-4D5B-AA75-7922D3D00E6B}.Debug|Any CPU.Build.0 = Debug|Any CPU
		{6C931C3E-B19D-4D5B-AA75-7922D3D00E6B}.Release|Any CPU.ActiveCfg = Release|Any CPU
		{6C931C3E-B19D-4D5B-AA75-7922D3D00E6B}.Release|Any CPU.Build.0 = Release|Any CPU
	EndGlobalSection
	GlobalSection(SolutionProperties) = preSolution
		HideSolutionNode = FALSE
	EndGlobalSection
	GlobalSection(ExtensibilityGlobals) = postSolution
		SolutionGuid = {1BE9D01F-69F2-4C62-B836-594E81ECB154}
	EndGlobalSection
EndGlobal
